
Microsoft Visual Studio Solution File, Format Version 12.00
# Visual Studio Version 17
VisualStudioVersion = 17.14.36310.24
MinimumVisualStudioVersion = 10.0.40219.1
Project("{FAE04EC0-301F-11D3-BF4B-00C04F79EFBC}") = "Entity", "Entity\Entity.csproj", "{1B3A6DE3-A148-4A9F-B3CD-530DB45971D2}"
EndProject
Project("{FAE04EC0-301F-11D3-BF4B-00C04F79EFBC}") = "DataAccsess", "DataAccsess\DataAccsess.csproj", "{BDFD0344-3E60-476A-842C-4DD331EA34F6}"
EndProject
Project("{FAE04EC0-301F-11D3-BF4B-00C04F79EFBC}") = "Business", "Business\Business.csproj", "{3665EE01-BF06-4560-A217-1BDA0DA7E38C}"
EndProject
Project("{FAE04EC0-301F-11D3-BF4B-00C04F79EFBC}") = "WebAPI", "WebAPI\WebAPI.csproj", "{3E361AE0-CBB0-44AA-82B8-79D07E739AE5}"
EndProject
Project("{FAE04EC0-301F-11D3-BF4B-00C04F79EFBC}") = "UI", "UI\UI.csproj", "{1A19CF30-1E84-4BFF-9B8D-7745013958FD}"
EndProject
Global
	GlobalSection(SolutionConfigurationPlatforms) = preSolution
		Debug|Any CPU = Debug|Any CPU
		Release|Any CPU = Release|Any CPU
	EndGlobalSection
	GlobalSection(ProjectConfigurationPlatforms) = postSolution
		{1B3A6DE3-A148-4A9F-B3CD-530DB45971D2}.Debug|Any CPU.ActiveCfg = Debug|Any CPU
		{1B3A6DE3-A148-4A9F-B3CD-530DB45971D2}.Debug|Any CPU.Build.0 = Debug|Any CPU
		{1B3A6DE3-A148-4A9F-B3CD-530DB45971D2}.Release|Any CPU.ActiveCfg = Release|Any CPU
		{1B3A6DE3-A148-4A9F-B3CD-530DB45971D2}.Release|Any CPU.Build.0 = Release|Any CPU
		{BDFD0344-3E60-476A-842C-4DD331EA34F6}.Debug|Any CPU.ActiveCfg = Debug|Any CPU
		{BDFD0344-3E60-476A-842C-4DD331EA34F6}.Debug|Any CPU.Build.0 = Debug|Any CPU
		{BDFD0344-3E60-476A-842C-4DD331EA34F6}.Release|Any CPU.ActiveCfg = Release|Any CPU
		{BDFD0344-3E60-476A-842C-4DD331EA34F6}.Release|Any CPU.Build.0 = Release|Any CPU
		{3665EE01-BF06-4560-A217-1BDA0DA7E38C}.Debug|Any CPU.ActiveCfg = Debug|Any CPU
		{3665EE01-BF06-4560-A217-1BDA0DA7E38C}.Debug|Any CPU.Build.0 = Debug|Any CPU
		{3665EE01-BF06-4560-A217-1BDA0DA7E38C}.Release|Any CPU.ActiveCfg = Release|Any CPU
		{3665EE01-BF06-4560-A217-1BDA0DA7E38C}.Release|Any CPU.Build.0 = Release|Any CPU
		{3E361AE0-CBB0-44AA-82B8-79D07E739AE5}.Debug|Any CPU.ActiveCfg = Debug|Any CPU
		{3E361AE0-CBB0-44AA-82B8-79D07E739AE5}.Debug|Any CPU.Build.0 = Debug|Any CPU
		{3E361AE0-CBB0-44AA-82B8-79D07E739AE5}.Release|Any CPU.ActiveCfg = Release|Any CPU
		{3E361AE0-CBB0-44AA-82B8-79D07E739AE5}.Release|Any CPU.Build.0 = Release|Any CPU
		{1A19CF30-1E84-4BFF-9B8D-7745013958FD}.Debug|Any CPU.ActiveCfg = Debug|Any CPU
		{1A19CF30-1E84-4BFF-9B8D-7745013958FD}.Debug|Any CPU.Build.0 = Debug|Any CPU
		{1A19CF30-1E84-4BFF-9B8D-7745013958FD}.Release|Any CPU.ActiveCfg = Release|Any CPU
		{1A19CF30-1E84-4BFF-9B8D-7745013958FD}.Release|Any CPU.Build.0 = Release|Any CPU
	EndGlobalSection
	GlobalSection(SolutionProperties) = preSolution
		HideSolutionNode = FALSE
	EndGlobalSection
	GlobalSection(ExtensibilityGlobals) = postSolution
		SolutionGuid = {2197FDA9-D571-4650-B405-EBFC3F5AD9F9}
	EndGlobalSection
EndGlobal
